// !$*UTF8*$!
{
	archiveVersion = 1;
	classes = {
	};
	objectVersion = 56;
	objects = {

/* Begin PBXBuildFile section */
		FA245EAF2A18557000AB8B13 /* BindingExtension.swift in Sources */ = {isa = PBXBuildFile; fileRef = FA245EAE2A18557000AB8B13 /* BindingExtension.swift */; };
		FA245EB12A1864D100AB8B13 /* Camera.swift in Sources */ = {isa = PBXBuildFile; fileRef = FA245EB02A1864D100AB8B13 /* Camera.swift */; };
		FA8DA57A2A17677C004BE944 /* FocalSoftwareDemoApp.swift in Sources */ = {isa = PBXBuildFile; fileRef = FA8DA5792A17677C004BE944 /* FocalSoftwareDemoApp.swift */; };
		FA8DA57C2A17677C004BE944 /* ContentView.swift in Sources */ = {isa = PBXBuildFile; fileRef = FA8DA57B2A17677C004BE944 /* ContentView.swift */; };
		FA8DA57E2A17677E004BE944 /* Assets.xcassets in Resources */ = {isa = PBXBuildFile; fileRef = FA8DA57D2A17677E004BE944 /* Assets.xcassets */; };
		FA8DA5812A17677E004BE944 /* Preview Assets.xcassets in Resources */ = {isa = PBXBuildFile; fileRef = FA8DA5802A17677E004BE944 /* Preview Assets.xcassets */; };
		FAA2F4B02A17C28600537230 /* AppColors.swift in Sources */ = {isa = PBXBuildFile; fileRef = FAA2F4AF2A17C28600537230 /* AppColors.swift */; };
		FAA2F4B52A17D0AC00537230 /* CameraViewController.swift in Sources */ = {isa = PBXBuildFile; fileRef = FAA2F4B42A17D0AC00537230 /* CameraViewController.swift */; };
		FAA2F4BA2A17FCE900537230 /* FilterManager.swift in Sources */ = {isa = PBXBuildFile; fileRef = FAA2F4B92A17FCE900537230 /* FilterManager.swift */; };
		FAA2F4BD2A17FD0A00537230 /* ContentViewModel.swift in Sources */ = {isa = PBXBuildFile; fileRef = FAA2F4BC2A17FD0A00537230 /* ContentViewModel.swift */; };
		FABDE29E2A18B18700D41A86 /* .gitignore in Resources */ = {isa = PBXBuildFile; fileRef = FABDE29D2A18B18700D41A86 /* .gitignore */; };
/* End PBXBuildFile section */

/* Begin PBXFileReference section */
		FA245EAE2A18557000AB8B13 /* BindingExtension.swift */ = {isa = PBXFileReference; lastKnownFileType = sourcecode.swift; path = BindingExtension.swift; sourceTree = "<group>"; };
		FA245EB02A1864D100AB8B13 /* Camera.swift */ = {isa = PBXFileReference; lastKnownFileType = sourcecode.swift; path = Camera.swift; sourceTree = "<group>"; };
		FA8DA5762A17677C004BE944 /* FocalSoftwareDemo.app */ = {isa = PBXFileReference; explicitFileType = wrapper.application; includeInIndex = 0; path = FocalSoftwareDemo.app; sourceTree = BUILT_PRODUCTS_DIR; };
		FA8DA5792A17677C004BE944 /* FocalSoftwareDemoApp.swift */ = {isa = PBXFileReference; lastKnownFileType = sourcecode.swift; path = FocalSoftwareDemoApp.swift; sourceTree = "<group>"; };
		FA8DA57B2A17677C004BE944 /* ContentView.swift */ = {isa = PBXFileReference; lastKnownFileType = sourcecode.swift; path = ContentView.swift; sourceTree = "<group>"; };
		FA8DA57D2A17677E004BE944 /* Assets.xcassets */ = {isa = PBXFileReference; lastKnownFileType = folder.assetcatalog; path = Assets.xcassets; sourceTree = "<group>"; };
		FA8DA5802A17677E004BE944 /* Preview Assets.xcassets */ = {isa = PBXFileReference; lastKnownFileType = folder.assetcatalog; path = "Preview Assets.xcassets"; sourceTree = "<group>"; };
		FAA2F4AF2A17C28600537230 /* AppColors.swift */ = {isa = PBXFileReference; lastKnownFileType = sourcecode.swift; path = AppColors.swift; sourceTree = "<group>"; };
		FAA2F4B42A17D0AC00537230 /* CameraViewController.swift */ = {isa = PBXFileReference; lastKnownFileType = sourcecode.swift; path = CameraViewController.swift; sourceTree = "<group>"; };
		FAA2F4B92A17FCE900537230 /* FilterManager.swift */ = {isa = PBXFileReference; lastKnownFileType = sourcecode.swift; path = FilterManager.swift; sourceTree = "<group>"; };
		FAA2F4BC2A17FD0A00537230 /* ContentViewModel.swift */ = {isa = PBXFileReference; lastKnownFileType = sourcecode.swift; path = ContentViewModel.swift; sourceTree = "<group>"; };
		FABDE29C2A18AC7400D41A86 /* Info.plist */ = {isa = PBXFileReference; lastKnownFileType = text.plist; path = Info.plist; sourceTree = "<group>"; };
		FABDE29D2A18B18700D41A86 /* .gitignore */ = {isa = PBXFileReference; lastKnownFileType = text; path = .gitignore; sourceTree = "<group>"; };
/* End PBXFileReference section */

/* Begin PBXFrameworksBuildPhase section */
		FA8DA5732A17677C004BE944 /* Frameworks */ = {
			isa = PBXFrameworksBuildPhase;
			buildActionMask = 2147483647;
			files = (
			);
			runOnlyForDeploymentPostprocessing = 0;
		};
/* End PBXFrameworksBuildPhase section */

/* Begin PBXGroup section */
		FA8DA56D2A17677B004BE944 = {
			isa = PBXGroup;
			children = (
				FABDE29D2A18B18700D41A86 /* .gitignore */,
				FA8DA5782A17677C004BE944 /* FocalSoftwareDemo */,
				FA8DA5772A17677C004BE944 /* Products */,
			);
			sourceTree = "<group>";
		};
		FA8DA5772A17677C004BE944 /* Products */ = {
			isa = PBXGroup;
			children = (
				FA8DA5762A17677C004BE944 /* FocalSoftwareDemo.app */,
			);
			name = Products;
			sourceTree = "<group>";
		};
		FA8DA5782A17677C004BE944 /* FocalSoftwareDemo */ = {
			isa = PBXGroup;
			children = (
				FABDE29C2A18AC7400D41A86 /* Info.plist */,
				FAA2F4BB2A17FCF600537230 /* ViewModels */,
				FAA2F4B82A17FCD600537230 /* Models */,
				FA8DA5792A17677C004BE944 /* FocalSoftwareDemoApp.swift */,
				FAA2F4B12A17C62000537230 /* Views */,
				FA8DA57D2A17677E004BE944 /* Assets.xcassets */,
				FA8DA57F2A17677E004BE944 /* Preview Content */,
				FAA2F4AF2A17C28600537230 /* AppColors.swift */,
				FA245EAE2A18557000AB8B13 /* BindingExtension.swift */,
			);
			path = FocalSoftwareDemo;
			sourceTree = "<group>";
		};
		FA8DA57F2A17677E004BE944 /* Preview Content */ = {
			isa = PBXGroup;
			children = (
				FA8DA5802A17677E004BE944 /* Preview Assets.xcassets */,
			);
			path = "Preview Content";
			sourceTree = "<group>";
		};
		FAA2F4B12A17C62000537230 /* Views */ = {
			isa = PBXGroup;
			children = (
				FA8DA57B2A17677C004BE944 /* ContentView.swift */,
				FAA2F4B42A17D0AC00537230 /* CameraViewController.swift */,
			);
			path = Views;
			sourceTree = "<group>";
		};
		FAA2F4B82A17FCD600537230 /* Models */ = {
			isa = PBXGroup;
			children = (
				FAA2F4B92A17FCE900537230 /* FilterManager.swift */,
				FA245EB02A1864D100AB8B13 /* Camera.swift */,
			);
			path = Models;
			sourceTree = "<group>";
		};
		FAA2F4BB2A17FCF600537230 /* ViewModels */ = {
			isa = PBXGroup;
			children = (
				FAA2F4BC2A17FD0A00537230 /* ContentViewModel.swift */,
			);
			path = ViewModels;
			sourceTree = "<group>";
		};
/* End PBXGroup section */

/* Begin PBXNativeTarget section */
		FA8DA5752A17677C004BE944 /* FocalSoftwareDemo */ = {
			isa = PBXNativeTarget;
			buildConfigurationList = FA8DA5842A17677E004BE944 /* Build configuration list for PBXNativeTarget "FocalSoftwareDemo" */;
			buildPhases = (
				FA8DA5722A17677C004BE944 /* Sources */,
				FA8DA5732A17677C004BE944 /* Frameworks */,
				FA8DA5742A17677C004BE944 /* Resources */,
			);
			buildRules = (
			);
			dependencies = (
			);
			name = FocalSoftwareDemo;
			productName = FocalSoftwareDemo;
			productReference = FA8DA5762A17677C004BE944 /* FocalSoftwareDemo.app */;
			productType = "com.apple.product-type.application";
		};
/* End PBXNativeTarget section */

/* Begin PBXProject section */
		FA8DA56E2A17677C004BE944 /* Project object */ = {
			isa = PBXProject;
			attributes = {
				BuildIndependentTargetsInParallel = 1;
				LastSwiftUpdateCheck = 1430;
				LastUpgradeCheck = 1430;
				TargetAttributes = {
					FA8DA5752A17677C004BE944 = {
						CreatedOnToolsVersion = 14.3;
					};
				};
			};
			buildConfigurationList = FA8DA5712A17677C004BE944 /* Build configuration list for PBXProject "FocalSoftwareDemo" */;
			compatibilityVersion = "Xcode 14.0";
			developmentRegion = en;
			hasScannedForEncodings = 0;
			knownRegions = (
				en,
				Base,
			);
			mainGroup = FA8DA56D2A17677B004BE944;
			productRefGroup = FA8DA5772A17677C004BE944 /* Products */;
			projectDirPath = "";
			projectRoot = "";
			targets = (
				FA8DA5752A17677C004BE944 /* FocalSoftwareDemo */,
			);
		};
/* End PBXProject section */

/* Begin PBXResourcesBuildPhase section */
		FA8DA5742A17677C004BE944 /* Resources */ = {
			isa = PBXResourcesBuildPhase;
			buildActionMask = 2147483647;
			files = (
				FA8DA5812A17677E004BE944 /* Preview Assets.xcassets in Resources */,
				FABDE29E2A18B18700D41A86 /* .gitignore in Resources */,
				FA8DA57E2A17677E004BE944 /* Assets.xcassets in Resources */,
			);
			runOnlyForDeploymentPostprocessing = 0;
		};
/* End PBXResourcesBuildPhase section */

/* Begin PBXSourcesBuildPhase section */
		FA8DA5722A17677C004BE944 /* Sources */ = {
			isa = PBXSourcesBuildPhase;
			buildActionMask = 2147483647;
			files = (
				FA245EB12A1864D100AB8B13 /* Camera.swift in Sources */,
				FAA2F4BA2A17FCE900537230 /* FilterManager.swift in Sources */,
				FAA2F4B02A17C28600537230 /* AppColors.swift in Sources */,
				FAA2F4BD2A17FD0A00537230 /* ContentViewModel.swift in Sources */,
				FAA2F4B52A17D0AC00537230 /* CameraViewController.swift in Sources */,
				FA8DA57C2A17677C004BE944 /* ContentView.swift in Sources */,
				FA245EAF2A18557000AB8B13 /* BindingExtension.swift in Sources */,
				FA8DA57A2A17677C004BE944 /* FocalSoftwareDemoApp.swift in Sources */,
			);
			runOnlyForDeploymentPostprocessing = 0;
		};
/* End PBXSourcesBuildPhase section */

/* Begin XCBuildConfiguration section */
		FA8DA5822A17677E004BE944 /* Debug */ = {
			isa = XCBuildConfiguration;
			buildSettings = {
				ALWAYS_SEARCH_USER_PATHS = NO;
				CLANG_ANALYZER_NONNULL = YES;
				CLANG_ANALYZER_NUMBER_OBJECT_CONVERSION = YES_AGGRESSIVE;
				CLANG_CXX_LANGUAGE_STANDARD = "gnu++20";
				CLANG_ENABLE_MODULES = YES;
				CLANG_ENABLE_OBJC_ARC = YES;
				CLANG_ENABLE_OBJC_WEAK = YES;
				CLANG_WARN_BLOCK_CAPTURE_AUTORELEASING = YES;
				CLANG_WARN_BOOL_CONVERSION = YES;
				CLANG_WARN_COMMA = YES;
				CLANG_WARN_CONSTANT_CONVERSION = YES;
				CLANG_WARN_DEPRECATED_OBJC_IMPLEMENTATIONS = YES;
				CLANG_WARN_DIRECT_OBJC_ISA_USAGE = YES_ERROR;
				CLANG_WARN_DOCUMENTATION_COMMENTS = YES;
				CLANG_WARN_EMPTY_BODY = YES;
				CLANG_WARN_ENUM_CONVERSION = YES;
				CLANG_WARN_INFINITE_RECURSION = YES;
				CLANG_WARN_INT_CONVERSION = YES;
				CLANG_WARN_NON_LITERAL_NULL_CONVERSION = YES;
				CLANG_WARN_OBJC_IMPLICIT_RETAIN_SELF = YES;
				CLANG_WARN_OBJC_LITERAL_CONVERSION = YES;
				CLANG_WARN_OBJC_ROOT_CLASS = YES_ERROR;
				CLANG_WARN_QUOTED_INCLUDE_IN_FRAMEWORK_HEADER = YES;
				CLANG_WARN_RANGE_LOOP_ANALYSIS = YES;
				CLANG_WARN_STRICT_PROTOTYPES = YES;
				CLANG_WARN_SUSPICIOUS_MOVE = YES;
				CLANG_WARN_UNGUARDED_AVAILABILITY = YES_AGGRESSIVE;
				CLANG_WARN_UNREACHABLE_CODE = YES;
				CLANG_WARN__DUPLICATE_METHOD_MATCH = YES;
				COPY_PHASE_STRIP = NO;
				DEBUG_INFORMATION_FORMAT = dwarf;
				ENABLE_STRICT_OBJC_MSGSEND = YES;
				ENABLE_TESTABILITY = YES;
				GCC_C_LANGUAGE_STANDARD = gnu11;
				GCC_DYNAMIC_NO_PIC = NO;
				GCC_NO_COMMON_BLOCKS = YES;
				GCC_OPTIMIZATION_LEVEL = 0;
				GCC_PREPROCESSOR_DEFINITIONS = (
					"DEBUG=1",
					"$(inherited)",
				);
				GCC_WARN_64_TO_32_BIT_CONVERSION = YES;
				GCC_WARN_ABOUT_RETURN_TYPE = YES_ERROR;
				GCC_WARN_UNDECLARED_SELECTOR = YES;
				GCC_WARN_UNINITIALIZED_AUTOS = YES_AGGRESSIVE;
				GCC_WARN_UNUSED_FUNCTION = YES;
				GCC_WARN_UNUSED_VARIABLE = YES;
				IPHONEOS_DEPLOYMENT_TARGET = 16.4;
				MTL_ENABLE_DEBUG_INFO = INCLUDE_SOURCE;
				MTL_FAST_MATH = YES;
				ONLY_ACTIVE_ARCH = YES;
				SDKROOT = iphoneos;
				SWIFT_ACTIVE_COMPILATION_CONDITIONS = DEBUG;
				SWIFT_OPTIMIZATION_LEVEL = "-Onone";
			};
			name = Debug;
		};
		FA8DA5832A17677E004BE944 /* Release */ = {
			isa = XCBuildConfiguration;
			buildSettings = {
				ALWAYS_SEARCH_USER_PATHS = NO;
				CLANG_ANALYZER_NONNULL = YES;
				CLANG_ANALYZER_NUMBER_OBJECT_CONVERSION = YES_AGGRESSIVE;
				CLANG_CXX_LANGUAGE_STANDARD = "gnu++20";
				CLANG_ENABLE_MODULES = YES;
				CLANG_ENABLE_OBJC_ARC = YES;
				CLANG_ENABLE_OBJC_WEAK = YES;
				CLANG_WARN_BLOCK_CAPTURE_AUTORELEASING = YES;
				CLANG_WARN_BOOL_CONVERSION = YES;
				CLANG_WARN_COMMA = YES;
				CLANG_WARN_CONSTANT_CONVERSION = YES;
				CLANG_WARN_DEPRECATED_OBJC_IMPLEMENTATIONS = YES;
				CLANG_WARN_DIRECT_OBJC_ISA_USAGE = YES_ERROR;
				CLANG_WARN_DOCUMENTATION_COMMENTS = YES;
				CLANG_WARN_EMPTY_BODY = YES;
				CLANG_WARN_ENUM_CONVERSION = YES;
				CLANG_WARN_INFINITE_RECURSION = YES;
				CLANG_WARN_INT_CONVERSION = YES;
				CLANG_WARN_NON_LITERAL_NULL_CONVERSION = YES;
				CLANG_WARN_OBJC_IMPLICIT_RETAIN_SELF = YES;
				CLANG_WARN_OBJC_LITERAL_CONVERSION = YES;
				CLANG_WARN_OBJC_ROOT_CLASS = YES_ERROR;
				CLANG_WARN_QUOTED_INCLUDE_IN_FRAMEWORK_HEADER = YES;
				CLANG_WARN_RANGE_LOOP_ANALYSIS = YES;
				CLANG_WARN_STRICT_PROTOTYPES = YES;
				CLANG_WARN_SUSPICIOUS_MOVE = YES;
				CLANG_WARN_UNGUARDED_AVAILABILITY = YES_AGGRESSIVE;
				CLANG_WARN_UNREACHABLE_CODE = YES;
				CLANG_WARN__DUPLICATE_METHOD_MATCH = YES;
				COPY_PHASE_STRIP = NO;
				DEBUG_INFORMATION_FORMAT = "dwarf-with-dsym";
				ENABLE_NS_ASSERTIONS = NO;
				ENABLE_STRICT_OBJC_MSGSEND = YES;
				GCC_C_LANGUAGE_STANDARD = gnu11;
				GCC_NO_COMMON_BLOCKS = YES;
				GCC_WARN_64_TO_32_BIT_CONVERSION = YES;
				GCC_WARN_ABOUT_RETURN_TYPE = YES_ERROR;
				GCC_WARN_UNDECLARED_SELECTOR = YES;
				GCC_WARN_UNINITIALIZED_AUTOS = YES_AGGRESSIVE;
				GCC_WARN_UNUSED_FUNCTION = YES;
				GCC_WARN_UNUSED_VARIABLE = YES;
				IPHONEOS_DEPLOYMENT_TARGET = 16.4;
				MTL_ENABLE_DEBUG_INFO = NO;
				MTL_FAST_MATH = YES;
				SDKROOT = iphoneos;
				SWIFT_COMPILATION_MODE = wholemodule;
				SWIFT_OPTIMIZATION_LEVEL = "-O";
				VALIDATE_PRODUCT = YES;
			};
			name = Release;
		};
		FA8DA5852A17677E004BE944 /* Debug */ = {
			isa = XCBuildConfiguration;
			buildSettings = {
				ASSETCATALOG_COMPILER_APPICON_NAME = AppIcon;
				ASSETCATALOG_COMPILER_GLOBAL_ACCENT_COLOR_NAME = AccentColor;
				ASSETCATALOG_COMPILER_INCLUDE_ALL_APPICON_ASSETS = YES;
				CODE_SIGN_STYLE = Automatic;
				CURRENT_PROJECT_VERSION = 1;
				DEVELOPMENT_ASSET_PATHS = "\"FocalSoftwareDemo/Preview Content\"";
				DEVELOPMENT_TEAM = A5732K72Z6;
				ENABLE_PREVIEWS = YES;
				GENERATE_INFOPLIST_FILE = YES;
				INFOPLIST_FILE = FocalSoftwareDemo/Info.plist;
				INFOPLIST_KEY_NSCameraUsageDescription = "Focal Demo uses the camera to take photos and video.";
				INFOPLIST_KEY_UIApplicationSceneManifest_Generation = YES;
				INFOPLIST_KEY_UIApplicationSupportsIndirectInputEvents = YES;
				INFOPLIST_KEY_UISupportedInterfaceOrientations = UIInterfaceOrientationPortrait;
				INFOPLIST_KEY_UISupportedInterfaceOrientations_iPad = "UIInterfaceOrientationLandscapeLeft UIInterfaceOrientationLandscapeRight UIInterfaceOrientationPortrait UIInterfaceOrientationPortraitUpsideDown";
				LD_RUNPATH_SEARCH_PATHS = (
					"$(inherited)",
					"@executable_path/Frameworks",
				);
				MARKETING_VERSION = 1.0;
				PRODUCT_BUNDLE_IDENTIFIER = com.democat.FocalSoftwareDemo;
				PRODUCT_NAME = "$(TARGET_NAME)";
				SWIFT_EMIT_LOC_STRINGS = YES;
				SWIFT_VERSION = 5.0;
				TARGETED_DEVICE_FAMILY = "1,2";
			};
			name = Debug;
		};
		FA8DA5862A17677E004BE944 /* Release */ = {
			isa = XCBuildConfiguration;
			buildSettings = {
				ASSETCATALOG_COMPILER_APPICON_NAME = AppIcon;
				ASSETCATALOG_COMPILER_GLOBAL_ACCENT_COLOR_NAME = AccentColor;
				ASSETCATALOG_COMPILER_INCLUDE_ALL_APPICON_ASSETS = YES;
				CODE_SIGN_STYLE = Automatic;
				CURRENT_PROJECT_VERSION = 1;
				DEVELOPMENT_ASSET_PATHS = "\"FocalSoftwareDemo/Preview Content\"";
				DEVELOPMENT_TEAM = A5732K72Z6;
				ENABLE_PREVIEWS = YES;
				GENERATE_INFOPLIST_FILE = YES;
				INFOPLIST_FILE = FocalSoftwareDemo/Info.plist;
				INFOPLIST_KEY_NSCameraUsageDescription = "Focal Demo uses the camera to take photos and video.";
				INFOPLIST_KEY_UIApplicationSceneManifest_Generation = YES;
				INFOPLIST_KEY_UIApplicationSupportsIndirectInputEvents = YES;
				INFOPLIST_KEY_UISupportedInterfaceOrientations = UIInterfaceOrientationPortrait;
				INFOPLIST_KEY_UISupportedInterfaceOrientations_iPad = "UIInterfaceOrientationLandscapeLeft UIInterfaceOrientationLandscapeRight UIInterfaceOrientationPortrait UIInterfaceOrientationPortraitUpsideDown";
				LD_RUNPATH_SEARCH_PATHS = (
					"$(inherited)",
					"@executable_path/Frameworks",
				);
				MARKETING_VERSION = 1.0;
				PRODUCT_BUNDLE_IDENTIFIER = com.democat.FocalSoftwareDemo;
				PRODUCT_NAME = "$(TARGET_NAME)";
				SWIFT_EMIT_LOC_STRINGS = YES;
				SWIFT_VERSION = 5.0;
				TARGETED_DEVICE_FAMILY = "1,2";
			};
			name = Release;
		};
/* End XCBuildConfiguration section */

/* Begin XCConfigurationList section */
		FA8DA5712A17677C004BE944 /* Build configuration list for PBXProject "FocalSoftwareDemo" */ = {
			isa = XCConfigurationList;
			buildConfigurations = (
				FA8DA5822A17677E004BE944 /* Debug */,
				FA8DA5832A17677E004BE944 /* Release */,
			);
			defaultConfigurationIsVisible = 0;
			defaultConfigurationName = Release;
		};
		FA8DA5842A17677E004BE944 /* Build configuration list for PBXNativeTarget "FocalSoftwareDemo" */ = {
			isa = XCConfigurationList;
			buildConfigurations = (
				FA8DA5852A17677E004BE944 /* Debug */,
				FA8DA5862A17677E004BE944 /* Release */,
			);
			defaultConfigurationIsVisible = 0;
			defaultConfigurationName = Release;
		};
/* End XCConfigurationList section */
	};
	rootObject = FA8DA56E2A17677C004BE944 /* Project object */;
}
